Microsoft Visual Studio Solution File, Format Version 12.00
# Visual Studio Version 17
VisualStudioVersion = 17.0.31903.59
MinimumVisualStudioVersion = 10.0.40219.1
Project("{9A19103F-16F7-4668-BE54-9A1E7A4F7556}") = "ShoeMoney.API", "ShoeMoney.API\ShoeMoney.API.csproj", "{18A7A85A-6414-4CD6-B207-CFB7454E501C}"
EndProject
Project("{9A19103F-16F7-4668-BE54-9A1E7A4F7556}") = "ShoeMoney.Common", "ShoeMoney.Common\ShoeMoney.Common.csproj", "{5E8433EA-028E-4063-8429-9CCA22D63AC3}"
EndProject
Project("{54A90642-561A-4BB1-A94E-469ADEE60C69}") = "shoemoney.store", "ShowMoney.Store\shoemoney.store.esproj", "{3C294613-36C6-4254-B4EB-2F043155E4A7}"
EndProject
Project("{FAE04EC0-301F-11D3-BF4B-00C04F79EFBC}") = "ShoeMoney.Host", "ShoeMoney.Host\ShoeMoney.Host.csproj", "{009C8632-2F19-499B-BF6E-387E924E0075}"
EndProject
Global
	GlobalSection(SolutionConfigurationPlatforms) = preSolution
		Debug|Any CPU = Debug|Any CPU
		Release|Any CPU = Release|Any CPU
	EndGlobalSection
	GlobalSection(ProjectConfigurationPlatforms) = postSolution
		{009C8632-2F19-499B-BF6E-387E924E0075}.Debug|Any CPU.ActiveCfg = Debug|Any CPU
		{009C8632-2F19-499B-BF6E-387E924E0075}.Debug|Any CPU.Build.0 = Debug|Any CPU
		{009C8632-2F19-499B-BF6E-387E924E0075}.Release|Any CPU.ActiveCfg = Release|Any CPU
		{009C8632-2F19-499B-BF6E-387E924E0075}.Release|Any CPU.Build.0 = Release|Any CPU
		{18A7A85A-6414-4CD6-B207-CFB7454E501C}.Debug|Any CPU.ActiveCfg = Debug|Any CPU
		{18A7A85A-6414-4CD6-B207-CFB7454E501C}.Debug|Any CPU.Build.0 = Debug|Any CPU
		{18A7A85A-6414-4CD6-B207-CFB7454E501C}.Release|Any CPU.ActiveCfg = Release|Any CPU
		{18A7A85A-6414-4CD6-B207-CFB7454E501C}.Release|Any CPU.Build.0 = Release|Any CPU
		{5E8433EA-028E-4063-8429-9CCA22D63AC3}.Debug|Any CPU.ActiveCfg = Debug|Any CPU
		{5E8433EA-028E-4063-8429-9CCA22D63AC3}.Debug|Any CPU.Build.0 = Debug|Any CPU
		{5E8433EA-028E-4063-8429-9CCA22D63AC3}.Release|Any CPU.ActiveCfg = Release|Any CPU
		{5E8433EA-028E-4063-8429-9CCA22D63AC3}.Release|Any CPU.Build.0 = Release|Any CPU
	EndGlobalSection
	GlobalSection(SolutionProperties) = preSolution
		HideSolutionNode = FALSE
	EndGlobalSection
EndGlobal
