
Microsoft Visual Studio Solution File, Format Version 12.00
# Visual Studio Version 17
VisualStudioVersion = 17.0.31903.59
MinimumVisualStudioVersion = 10.0.40219.1
Project("{9A19103F-16F7-4668-BE54-9A1E7A4F7556}") = "ShoeMoney.API", "ShoeMoney.API\ShoeMoney.API.csproj", "{18A7A85A-6414-4CD6-B207-CFB7454E501C}"
EndProject
Project("{9A19103F-16F7-4668-BE54-9A1E7A4F7556}") = "ShoeMoney.Common", "ShoeMoney.Common\ShoeMoney.Common.csproj", "{5E8433EA-028E-4063-8429-9CCA22D63AC3}"
EndProject
Global
	GlobalSection(SolutionConfigurationPlatforms) = preSolution
		Debug|Any CPU = Debug|Any CPU
		Release|Any CPU = Release|Any CPU
	EndGlobalSection
	GlobalSection(ProjectConfigurationPlatforms) = postSolution
		{18A7A85A-6414-4CD6-B207-CFB7454E501C}.Debug|Any CPU.ActiveCfg = Debug|Any CPU
		{18A7A85A-6414-4CD6-B207-CFB7454E501C}.Debug|Any CPU.Build.0 = Debug|Any CPU
		{18A7A85A-6414-4CD6-B207-CFB7454E501C}.Release|Any CPU.ActiveCfg = Release|Any CPU
		{18A7A85A-6414-4CD6-B207-CFB7454E501C}.Release|Any CPU.Build.0 = Release|Any CPU
		{5E8433EA-028E-4063-8429-9CCA22D63AC3}.Debug|Any CPU.ActiveCfg = Debug|Any CPU
		{5E8433EA-028E-4063-8429-9CCA22D63AC3}.Debug|Any CPU.Build.0 = Debug|Any CPU
		{5E8433EA-028E-4063-8429-9CCA22D63AC3}.Release|Any CPU.ActiveCfg = Release|Any CPU
		{5E8433EA-028E-4063-8429-9CCA22D63AC3}.Release|Any CPU.Build.0 = Release|Any CPU
	EndGlobalSection
	GlobalSection(SolutionProperties) = preSolution
		HideSolutionNode = FALSE
	EndGlobalSection
EndGlobal
